// !$*UTF8*$!
{
	archiveVersion = 1;
	classes = {
	};
	objectVersion = 50;
	objects = {

/* Begin PBXBuildFile section */
		5D5CCD3D2665452E001C3472 /* AppDelegate.swift in Sources */ = {isa = PBXBuildFile; fileRef = 5D5CCD3C2665452E001C3472 /* AppDelegate.swift */; };
		5D5CCD3F2665452E001C3472 /* SceneDelegate.swift in Sources */ = {isa = PBXBuildFile; fileRef = 5D5CCD3E2665452E001C3472 /* SceneDelegate.swift */; };
		5D5CCD412665452E001C3472 /* ViewController.swift in Sources */ = {isa = PBXBuildFile; fileRef = 5D5CCD402665452E001C3472 /* ViewController.swift */; };
		5D5CCD442665452E001C3472 /* Main.storyboard in Resources */ = {isa = PBXBuildFile; fileRef = 5D5CCD422665452E001C3472 /* Main.storyboard */; };
		5D5CCD472665452E001C3472 /* Payments.xcdatamodeld in Sources */ = {isa = PBXBuildFile; fileRef = 5D5CCD452665452E001C3472 /* Payments.xcdatamodeld */; };
		5D5CCD492665453F001C3472 /* Assets.xcassets in Resources */ = {isa = PBXBuildFile; fileRef = 5D5CCD482665453F001C3472 /* Assets.xcassets */; };
		5D5CCD4C2665453F001C3472 /* LaunchScreen.storyboard in Resources */ = {isa = PBXBuildFile; fileRef = 5D5CCD4A2665453F001C3472 /* LaunchScreen.storyboard */; };
		5D5CCD572665453F001C3472 /* PaymentsTests.swift in Sources */ = {isa = PBXBuildFile; fileRef = 5D5CCD562665453F001C3472 /* PaymentsTests.swift */; };
		5D5CCD622665453F001C3472 /* PaymentsUITests.swift in Sources */ = {isa = PBXBuildFile; fileRef = 5D5CCD612665453F001C3472 /* PaymentsUITests.swift */; };
		5D5CCD7326654C0D001C3472 /* APIService.swift in Sources */ = {isa = PBXBuildFile; fileRef = 5D5CCD7226654C0D001C3472 /* APIService.swift */; };
		5D5CCD7C26654C48001C3472 /* PaymentsViewModel.swift in Sources */ = {isa = PBXBuildFile; fileRef = 5D5CCD7B26654C48001C3472 /* PaymentsViewModel.swift */; };
		5D5CCD8126654C73001C3472 /* PaymentsDatasource.swift in Sources */ = {isa = PBXBuildFile; fileRef = 5D5CCD8026654C73001C3472 /* PaymentsDatasource.swift */; };
		5D5CCD8A26654CA7001C3472 /* PaymentMethods.swift in Sources */ = {isa = PBXBuildFile; fileRef = 5D5CCD8926654CA7001C3472 /* PaymentMethods.swift */; };
		5D5CCD9326654CEC001C3472 /* TableViewCell.swift in Sources */ = {isa = PBXBuildFile; fileRef = 5D5CCD9226654CEC001C3472 /* TableViewCell.swift */; };
		5D5CCD9826654DB2001C3472 /* ImageExtension.swift in Sources */ = {isa = PBXBuildFile; fileRef = 5D5CCD9726654DB2001C3472 /* ImageExtension.swift */; };
/* End PBXBuildFile section */

/* Begin PBXContainerItemProxy section */
		5D5CCD532665453F001C3472 /* PBXContainerItemProxy */ = {
			isa = PBXContainerItemProxy;
			containerPortal = 5D5CCD312665452E001C3472 /* Project object */;
			proxyType = 1;
			remoteGlobalIDString = 5D5CCD382665452E001C3472;
			remoteInfo = Payments;
		};
		5D5CCD5E2665453F001C3472 /* PBXContainerItemProxy */ = {
			isa = PBXContainerItemProxy;
			containerPortal = 5D5CCD312665452E001C3472 /* Project object */;
			proxyType = 1;
			remoteGlobalIDString = 5D5CCD382665452E001C3472;
			remoteInfo = Payments;
		};
/* End PBXContainerItemProxy section */

/* Begin PBXFileReference section */
		5D5CCD392665452E001C3472 /* Payments.app */ = {isa = PBXFileReference; explicitFileType = wrapper.application; includeInIndex = 0; path = Payments.app; sourceTree = BUILT_PRODUCTS_DIR; };
		5D5CCD3C2665452E001C3472 /* AppDelegate.swift */ = {isa = PBXFileReference; lastKnownFileType = sourcecode.swift; path = AppDelegate.swift; sourceTree = "<group>"; };
		5D5CCD3E2665452E001C3472 /* SceneDelegate.swift */ = {isa = PBXFileReference; lastKnownFileType = sourcecode.swift; path = SceneDelegate.swift; sourceTree = "<group>"; };
		5D5CCD402665452E001C3472 /* ViewController.swift */ = {isa = PBXFileReference; lastKnownFileType = sourcecode.swift; path = ViewController.swift; sourceTree = "<group>"; };
		5D5CCD432665452E001C3472 /* Base */ = {isa = PBXFileReference; lastKnownFileType = file.storyboard; name = Base; path = Base.lproj/Main.storyboard; sourceTree = "<group>"; };
		5D5CCD462665452E001C3472 /* Payments.xcdatamodel */ = {isa = PBXFileReference; lastKnownFileType = wrapper.xcdatamodel; path = Payments.xcdatamodel; sourceTree = "<group>"; };
		5D5CCD482665453F001C3472 /* Assets.xcassets */ = {isa = PBXFileReference; lastKnownFileType = folder.assetcatalog; path = Assets.xcassets; sourceTree = "<group>"; };
		5D5CCD4B2665453F001C3472 /* Base */ = {isa = PBXFileReference; lastKnownFileType = file.storyboard; name = Base; path = Base.lproj/LaunchScreen.storyboard; sourceTree = "<group>"; };
		5D5CCD4D2665453F001C3472 /* Info.plist */ = {isa = PBXFileReference; lastKnownFileType = text.plist.xml; path = Info.plist; sourceTree = "<group>"; };
		5D5CCD522665453F001C3472 /* PaymentsTests.xctest */ = {isa = PBXFileReference; explicitFileType = wrapper.cfbundle; includeInIndex = 0; path = PaymentsTests.xctest; sourceTree = BUILT_PRODUCTS_DIR; };
		5D5CCD562665453F001C3472 /* PaymentsTests.swift */ = {isa = PBXFileReference; lastKnownFileType = sourcecode.swift; path = PaymentsTests.swift; sourceTree = "<group>"; };
		5D5CCD582665453F001C3472 /* Info.plist */ = {isa = PBXFileReference; lastKnownFileType = text.plist.xml; path = Info.plist; sourceTree = "<group>"; };
		5D5CCD5D2665453F001C3472 /* PaymentsUITests.xctest */ = {isa = PBXFileReference; explicitFileType = wrapper.cfbundle; includeInIndex = 0; path = PaymentsUITests.xctest; sourceTree = BUILT_PRODUCTS_DIR; };
		5D5CCD612665453F001C3472 /* PaymentsUITests.swift */ = {isa = PBXFileReference; lastKnownFileType = sourcecode.swift; path = PaymentsUITests.swift; sourceTree = "<group>"; };
		5D5CCD632665453F001C3472 /* Info.plist */ = {isa = PBXFileReference; lastKnownFileType = text.plist.xml; path = Info.plist; sourceTree = "<group>"; };
		5D5CCD7226654C0D001C3472 /* APIService.swift */ = {isa = PBXFileReference; lastKnownFileType = sourcecode.swift; path = APIService.swift; sourceTree = "<group>"; };
		5D5CCD7B26654C48001C3472 /* PaymentsViewModel.swift */ = {isa = PBXFileReference; lastKnownFileType = sourcecode.swift; path = PaymentsViewModel.swift; sourceTree = "<group>"; };
		5D5CCD8026654C73001C3472 /* PaymentsDatasource.swift */ = {isa = PBXFileReference; lastKnownFileType = sourcecode.swift; path = PaymentsDatasource.swift; sourceTree = "<group>"; };
		5D5CCD8926654CA7001C3472 /* PaymentMethods.swift */ = {isa = PBXFileReference; lastKnownFileType = sourcecode.swift; path = PaymentMethods.swift; sourceTree = "<group>"; };
		5D5CCD9226654CEC001C3472 /* TableViewCell.swift */ = {isa = PBXFileReference; lastKnownFileType = sourcecode.swift; path = TableViewCell.swift; sourceTree = "<group>"; };
		5D5CCD9726654DB2001C3472 /* ImageExtension.swift */ = {isa = PBXFileReference; lastKnownFileType = sourcecode.swift; path = ImageExtension.swift; sourceTree = "<group>"; };
/* End PBXFileReference section */

/* Begin PBXFrameworksBuildPhase section */
		5D5CCD362665452E001C3472 /* Frameworks */ = {
			isa = PBXFrameworksBuildPhase;
			buildActionMask = 2147483647;
			files = (
			);
			runOnlyForDeploymentPostprocessing = 0;
		};
		5D5CCD4F2665453F001C3472 /* Frameworks */ = {
			isa = PBXFrameworksBuildPhase;
			buildActionMask = 2147483647;
			files = (
			);
			runOnlyForDeploymentPostprocessing = 0;
		};
		5D5CCD5A2665453F001C3472 /* Frameworks */ = {
			isa = PBXFrameworksBuildPhase;
			buildActionMask = 2147483647;
			files = (
			);
			runOnlyForDeploymentPostprocessing = 0;
		};
/* End PBXFrameworksBuildPhase section */

/* Begin PBXGroup section */
		5D5CCD302665452E001C3472 = {
			isa = PBXGroup;
			children = (
				5D5CCD3B2665452E001C3472 /* Payments */,
				5D5CCD552665453F001C3472 /* PaymentsTests */,
				5D5CCD602665453F001C3472 /* PaymentsUITests */,
				5D5CCD3A2665452E001C3472 /* Products */,
			);
			sourceTree = "<group>";
		};
		5D5CCD3A2665452E001C3472 /* Products */ = {
			isa = PBXGroup;
			children = (
				5D5CCD392665452E001C3472 /* Payments.app */,
				5D5CCD522665453F001C3472 /* PaymentsTests.xctest */,
				5D5CCD5D2665453F001C3472 /* PaymentsUITests.xctest */,
			);
			name = Products;
			sourceTree = "<group>";
		};
		5D5CCD3B2665452E001C3472 /* Payments */ = {
			isa = PBXGroup;
			children = (
				5D5CCD3C2665452E001C3472 /* AppDelegate.swift */,
				5D5CCD3E2665452E001C3472 /* SceneDelegate.swift */,
				5D5CCD402665452E001C3472 /* ViewController.swift */,
				5D5CCD8526654C86001C3472 /* ViewModel */,
				5D5CCD8E26654CBA001C3472 /* Model */,
				5D5CCD9C2665547B001C3472 /* Tableview cell */,
				5D5CCDA026655486001C3472 /* Extension */,
				5D5CCD7726654C26001C3472 /* Web services */,
				5D5CCD422665452E001C3472 /* Main.storyboard */,
				5D5CCD482665453F001C3472 /* Assets.xcassets */,
				5D5CCD4A2665453F001C3472 /* LaunchScreen.storyboard */,
				5D5CCD4D2665453F001C3472 /* Info.plist */,
				5D5CCD452665452E001C3472 /* Payments.xcdatamodeld */,
			);
			path = Payments;
			sourceTree = "<group>";
		};
		5D5CCD552665453F001C3472 /* PaymentsTests */ = {
			isa = PBXGroup;
			children = (
				5D5CCD562665453F001C3472 /* PaymentsTests.swift */,
				5D5CCD582665453F001C3472 /* Info.plist */,
			);
			path = PaymentsTests;
			sourceTree = "<group>";
		};
		5D5CCD602665453F001C3472 /* PaymentsUITests */ = {
			isa = PBXGroup;
			children = (
				5D5CCD612665453F001C3472 /* PaymentsUITests.swift */,
				5D5CCD632665453F001C3472 /* Info.plist */,
			);
			path = PaymentsUITests;
			sourceTree = "<group>";
		};
		5D5CCD7726654C26001C3472 /* Web services */ = {
			isa = PBXGroup;
			children = (
				5D5CCD7226654C0D001C3472 /* APIService.swift */,
			);
			path = "Web services";
			sourceTree = "<group>";
		};
		5D5CCD8526654C86001C3472 /* ViewModel */ = {
			isa = PBXGroup;
			children = (
				5D5CCD7B26654C48001C3472 /* PaymentsViewModel.swift */,
				5D5CCD8026654C73001C3472 /* PaymentsDatasource.swift */,
			);
			path = ViewModel;
			sourceTree = "<group>";
		};
		5D5CCD8E26654CBA001C3472 /* Model */ = {
			isa = PBXGroup;
			children = (
				5D5CCD8926654CA7001C3472 /* PaymentMethods.swift */,
			);
			path = Model;
			sourceTree = "<group>";
		};
		5D5CCD9C2665547B001C3472 /* Tableview cell */ = {
			isa = PBXGroup;
			children = (
				5D5CCD9226654CEC001C3472 /* TableViewCell.swift */,
			);
			path = "Tableview cell";
			sourceTree = "<group>";
		};
		5D5CCDA026655486001C3472 /* Extension */ = {
			isa = PBXGroup;
			children = (
				5D5CCD9726654DB2001C3472 /* ImageExtension.swift */,
			);
			path = Extension;
			sourceTree = "<group>";
		};
/* End PBXGroup section */

/* Begin PBXNativeTarget section */
		5D5CCD382665452E001C3472 /* Payments */ = {
			isa = PBXNativeTarget;
			buildConfigurationList = 5D5CCD662665453F001C3472 /* Build configuration list for PBXNativeTarget "Payments" */;
			buildPhases = (
				5D5CCD352665452E001C3472 /* Sources */,
				5D5CCD362665452E001C3472 /* Frameworks */,
				5D5CCD372665452E001C3472 /* Resources */,
			);
			buildRules = (
			);
			dependencies = (
			);
			name = Payments;
			productName = Payments;
			productReference = 5D5CCD392665452E001C3472 /* Payments.app */;
			productType = "com.apple.product-type.application";
		};
		5D5CCD512665453F001C3472 /* PaymentsTests */ = {
			isa = PBXNativeTarget;
			buildConfigurationList = 5D5CCD692665453F001C3472 /* Build configuration list for PBXNativeTarget "PaymentsTests" */;
			buildPhases = (
				5D5CCD4E2665453F001C3472 /* Sources */,
				5D5CCD4F2665453F001C3472 /* Frameworks */,
				5D5CCD502665453F001C3472 /* Resources */,
			);
			buildRules = (
			);
			dependencies = (
				5D5CCD542665453F001C3472 /* PBXTargetDependency */,
			);
			name = PaymentsTests;
			productName = PaymentsTests;
			productReference = 5D5CCD522665453F001C3472 /* PaymentsTests.xctest */;
			productType = "com.apple.product-type.bundle.unit-test";
		};
		5D5CCD5C2665453F001C3472 /* PaymentsUITests */ = {
			isa = PBXNativeTarget;
			buildConfigurationList = 5D5CCD6C2665453F001C3472 /* Build configuration list for PBXNativeTarget "PaymentsUITests" */;
			buildPhases = (
				5D5CCD592665453F001C3472 /* Sources */,
				5D5CCD5A2665453F001C3472 /* Frameworks */,
				5D5CCD5B2665453F001C3472 /* Resources */,
			);
			buildRules = (
			);
			dependencies = (
				5D5CCD5F2665453F001C3472 /* PBXTargetDependency */,
			);
			name = PaymentsUITests;
			productName = PaymentsUITests;
			productReference = 5D5CCD5D2665453F001C3472 /* PaymentsUITests.xctest */;
			productType = "com.apple.product-type.bundle.ui-testing";
		};
/* End PBXNativeTarget section */

/* Begin PBXProject section */
		5D5CCD312665452E001C3472 /* Project object */ = {
			isa = PBXProject;
			attributes = {
				LastSwiftUpdateCheck = 1240;
				LastUpgradeCheck = 1240;
				TargetAttributes = {
					5D5CCD382665452E001C3472 = {
						CreatedOnToolsVersion = 12.4;
					};
					5D5CCD512665453F001C3472 = {
						CreatedOnToolsVersion = 12.4;
						TestTargetID = 5D5CCD382665452E001C3472;
					};
					5D5CCD5C2665453F001C3472 = {
						CreatedOnToolsVersion = 12.4;
						TestTargetID = 5D5CCD382665452E001C3472;
					};
				};
			};
			buildConfigurationList = 5D5CCD342665452E001C3472 /* Build configuration list for PBXProject "Payments" */;
			compatibilityVersion = "Xcode 9.3";
			developmentRegion = en;
			hasScannedForEncodings = 0;
			knownRegions = (
				en,
				Base,
			);
			mainGroup = 5D5CCD302665452E001C3472;
			productRefGroup = 5D5CCD3A2665452E001C3472 /* Products */;
			projectDirPath = "";
			projectRoot = "";
			targets = (
				5D5CCD382665452E001C3472 /* Payments */,
				5D5CCD512665453F001C3472 /* PaymentsTests */,
				5D5CCD5C2665453F001C3472 /* PaymentsUITests */,
			);
		};
/* End PBXProject section */

/* Begin PBXResourcesBuildPhase section */
		5D5CCD372665452E001C3472 /* Resources */ = {
			isa = PBXResourcesBuildPhase;
			buildActionMask = 2147483647;
			files = (
				5D5CCD4C2665453F001C3472 /* LaunchScreen.storyboard in Resources */,
				5D5CCD492665453F001C3472 /* Assets.xcassets in Resources */,
				5D5CCD442665452E001C3472 /* Main.storyboard in Resources */,
			);
			runOnlyForDeploymentPostprocessing = 0;
		};
		5D5CCD502665453F001C3472 /* Resources */ = {
			isa = PBXResourcesBuildPhase;
			buildActionMask = 2147483647;
			files = (
			);
			runOnlyForDeploymentPostprocessing = 0;
		};
		5D5CCD5B2665453F001C3472 /* Resources */ = {
			isa = PBXResourcesBuildPhase;
			buildActionMask = 2147483647;
			files = (
			);
			runOnlyForDeploymentPostprocessing = 0;
		};
/* End PBXResourcesBuildPhase section */

/* Begin PBXSourcesBuildPhase section */
		5D5CCD352665452E001C3472 /* Sources */ = {
			isa = PBXSourcesBuildPhase;
			buildActionMask = 2147483647;
			files = (
				5D5CCD412665452E001C3472 /* ViewController.swift in Sources */,
				5D5CCD8A26654CA7001C3472 /* PaymentMethods.swift in Sources */,
				5D5CCD7326654C0D001C3472 /* APIService.swift in Sources */,
				5D5CCD9826654DB2001C3472 /* ImageExtension.swift in Sources */,
				5D5CCD9326654CEC001C3472 /* TableViewCell.swift in Sources */,
				5D5CCD3D2665452E001C3472 /* AppDelegate.swift in Sources */,
				5D5CCD7C26654C48001C3472 /* PaymentsViewModel.swift in Sources */,
				5D5CCD8126654C73001C3472 /* PaymentsDatasource.swift in Sources */,
				5D5CCD472665452E001C3472 /* Payments.xcdatamodeld in Sources */,
				5D5CCD3F2665452E001C3472 /* SceneDelegate.swift in Sources */,
			);
			runOnlyForDeploymentPostprocessing = 0;
		};
		5D5CCD4E2665453F001C3472 /* Sources */ = {
			isa = PBXSourcesBuildPhase;
			buildActionMask = 2147483647;
			files = (
				5D5CCD572665453F001C3472 /* PaymentsTests.swift in Sources */,
			);
			runOnlyForDeploymentPostprocessing = 0;
		};
		5D5CCD592665453F001C3472 /* Sources */ = {
			isa = PBXSourcesBuildPhase;
			buildActionMask = 2147483647;
			files = (
				5D5CCD622665453F001C3472 /* PaymentsUITests.swift in Sources */,
			);
			runOnlyForDeploymentPostprocessing = 0;
		};
/* End PBXSourcesBuildPhase section */

/* Begin PBXTargetDependency section */
		5D5CCD542665453F001C3472 /* PBXTargetDependency */ = {
			isa = PBXTargetDependency;
			target = 5D5CCD382665452E001C3472 /* Payments */;
			targetProxy = 5D5CCD532665453F001C3472 /* PBXContainerItemProxy */;
		};
		5D5CCD5F2665453F001C3472 /* PBXTargetDependency */ = {
			isa = PBXTargetDependency;
			target = 5D5CCD382665452E001C3472 /* Payments */;
			targetProxy = 5D5CCD5E2665453F001C3472 /* PBXContainerItemProxy */;
		};
/* End PBXTargetDependency section */

/* Begin PBXVariantGroup section */
		5D5CCD422665452E001C3472 /* Main.storyboard */ = {
			isa = PBXVariantGroup;
			children = (
				5D5CCD432665452E001C3472 /* Base */,
			);
			name = Main.storyboard;
			sourceTree = "<group>";
		};
		5D5CCD4A2665453F001C3472 /* LaunchScreen.storyboard */ = {
			isa = PBXVariantGroup;
			children = (
				5D5CCD4B2665453F001C3472 /* Base */,
			);
			name = LaunchScreen.storyboard;
			sourceTree = "<group>";
		};
/* End PBXVariantGroup section */

/* Begin XCBuildConfiguration section */
		5D5CCD642665453F001C3472 /* Debug */ = {
			isa = XCBuildConfiguration;
			buildSettings = {
				ALWAYS_SEARCH_USER_PATHS = NO;
				CLANG_ANALYZER_NONNULL = YES;
				CLANG_ANALYZER_NUMBER_OBJECT_CONVERSION = YES_AGGRESSIVE;
				CLANG_CXX_LANGUAGE_STANDARD = "gnu++14";
				CLANG_CXX_LIBRARY = "libc++";
				CLANG_ENABLE_MODULES = YES;
				CLANG_ENABLE_OBJC_ARC = YES;
				CLANG_ENABLE_OBJC_WEAK = YES;
				CLANG_WARN_BLOCK_CAPTURE_AUTORELEASING = YES;
				CLANG_WARN_BOOL_CONVERSION = YES;
				CLANG_WARN_COMMA = YES;
				CLANG_WARN_CONSTANT_CONVERSION = YES;
				CLANG_WARN_DEPRECATED_OBJC_IMPLEMENTATIONS = YES;
				CLANG_WARN_DIRECT_OBJC_ISA_USAGE = YES_ERROR;
				CLANG_WARN_DOCUMENTATION_COMMENTS = YES;
				CLANG_WARN_EMPTY_BODY = YES;
				CLANG_WARN_ENUM_CONVERSION = YES;
				CLANG_WARN_INFINITE_RECURSION = YES;
				CLANG_WARN_INT_CONVERSION = YES;
				CLANG_WARN_NON_LITERAL_NULL_CONVERSION = YES;
				CLANG_WARN_OBJC_IMPLICIT_RETAIN_SELF = YES;
				CLANG_WARN_OBJC_LITERAL_CONVERSION = YES;
				CLANG_WARN_OBJC_ROOT_CLASS = YES_ERROR;
				CLANG_WARN_QUOTED_INCLUDE_IN_FRAMEWORK_HEADER = YES;
				CLANG_WARN_RANGE_LOOP_ANALYSIS = YES;
				CLANG_WARN_STRICT_PROTOTYPES = YES;
				CLANG_WARN_SUSPICIOUS_MOVE = YES;
				CLANG_WARN_UNGUARDED_AVAILABILITY = YES_AGGRESSIVE;
				CLANG_WARN_UNREACHABLE_CODE = YES;
				CLANG_WARN__DUPLICATE_METHOD_MATCH = YES;
				COPY_PHASE_STRIP = NO;
				DEBUG_INFORMATION_FORMAT = dwarf;
				ENABLE_STRICT_OBJC_MSGSEND = YES;
				ENABLE_TESTABILITY = YES;
				GCC_C_LANGUAGE_STANDARD = gnu11;
				GCC_DYNAMIC_NO_PIC = NO;
				GCC_NO_COMMON_BLOCKS = YES;
				GCC_OPTIMIZATION_LEVEL = 0;
				GCC_PREPROCESSOR_DEFINITIONS = (
					"DEBUG=1",
					"$(inherited)",
				);
				GCC_WARN_64_TO_32_BIT_CONVERSION = YES;
				GCC_WARN_ABOUT_RETURN_TYPE = YES_ERROR;
				GCC_WARN_UNDECLARED_SELECTOR = YES;
				GCC_WARN_UNINITIALIZED_AUTOS = YES_AGGRESSIVE;
				GCC_WARN_UNUSED_FUNCTION = YES;
				GCC_WARN_UNUSED_VARIABLE = YES;
				IPHONEOS_DEPLOYMENT_TARGET = 14.4;
				MTL_ENABLE_DEBUG_INFO = INCLUDE_SOURCE;
				MTL_FAST_MATH = YES;
				ONLY_ACTIVE_ARCH = YES;
				SDKROOT = iphoneos;
				SWIFT_ACTIVE_COMPILATION_CONDITIONS = DEBUG;
				SWIFT_OPTIMIZATION_LEVEL = "-Onone";
			};
			name = Debug;
		};
		5D5CCD652665453F001C3472 /* Release */ = {
			isa = XCBuildConfiguration;
			buildSettings = {
				ALWAYS_SEARCH_USER_PATHS = NO;
				CLANG_ANALYZER_NONNULL = YES;
				CLANG_ANALYZER_NUMBER_OBJECT_CONVERSION = YES_AGGRESSIVE;
				CLANG_CXX_LANGUAGE_STANDARD = "gnu++14";
				CLANG_CXX_LIBRARY = "libc++";
				CLANG_ENABLE_MODULES = YES;
				CLANG_ENABLE_OBJC_ARC = YES;
				CLANG_ENABLE_OBJC_WEAK = YES;
				CLANG_WARN_BLOCK_CAPTURE_AUTORELEASING = YES;
				CLANG_WARN_BOOL_CONVERSION = YES;
				CLANG_WARN_COMMA = YES;
				CLANG_WARN_CONSTANT_CONVERSION = YES;
				CLANG_WARN_DEPRECATED_OBJC_IMPLEMENTATIONS = YES;
				CLANG_WARN_DIRECT_OBJC_ISA_USAGE = YES_ERROR;
				CLANG_WARN_DOCUMENTATION_COMMENTS = YES;
				CLANG_WARN_EMPTY_BODY = YES;
				CLANG_WARN_ENUM_CONVERSION = YES;
				CLANG_WARN_INFINITE_RECURSION = YES;
				CLANG_WARN_INT_CONVERSION = YES;
				CLANG_WARN_NON_LITERAL_NULL_CONVERSION = YES;
				CLANG_WARN_OBJC_IMPLICIT_RETAIN_SELF = YES;
				CLANG_WARN_OBJC_LITERAL_CONVERSION = YES;
				CLANG_WARN_OBJC_ROOT_CLASS = YES_ERROR;
				CLANG_WARN_QUOTED_INCLUDE_IN_FRAMEWORK_HEADER = YES;
				CLANG_WARN_RANGE_LOOP_ANALYSIS = YES;
				CLANG_WARN_STRICT_PROTOTYPES = YES;
				CLANG_WARN_SUSPICIOUS_MOVE = YES;
				CLANG_WARN_UNGUARDED_AVAILABILITY = YES_AGGRESSIVE;
				CLANG_WARN_UNREACHABLE_CODE = YES;
				CLANG_WARN__DUPLICATE_METHOD_MATCH = YES;
				COPY_PHASE_STRIP = NO;
				DEBUG_INFORMATION_FORMAT = "dwarf-with-dsym";
				ENABLE_NS_ASSERTIONS = NO;
				ENABLE_STRICT_OBJC_MSGSEND = YES;
				GCC_C_LANGUAGE_STANDARD = gnu11;
				GCC_NO_COMMON_BLOCKS = YES;
				GCC_WARN_64_TO_32_BIT_CONVERSION = YES;
				GCC_WARN_ABOUT_RETURN_TYPE = YES_ERROR;
				GCC_WARN_UNDECLARED_SELECTOR = YES;
				GCC_WARN_UNINITIALIZED_AUTOS = YES_AGGRESSIVE;
				GCC_WARN_UNUSED_FUNCTION = YES;
				GCC_WARN_UNUSED_VARIABLE = YES;
				IPHONEOS_DEPLOYMENT_TARGET = 14.4;
				MTL_ENABLE_DEBUG_INFO = NO;
				MTL_FAST_MATH = YES;
				SDKROOT = iphoneos;
				SWIFT_COMPILATION_MODE = wholemodule;
				SWIFT_OPTIMIZATION_LEVEL = "-O";
				VALIDATE_PRODUCT = YES;
			};
			name = Release;
		};
		5D5CCD672665453F001C3472 /* Debug */ = {
			isa = XCBuildConfiguration;
			buildSettings = {
				ASSETCATALOG_COMPILER_APPICON_NAME = AppIcon;
				ASSETCATALOG_COMPILER_GLOBAL_ACCENT_COLOR_NAME = AccentColor;
				CODE_SIGN_STYLE = Automatic;
				DEVELOPMENT_TEAM = 62C8J6DU42;
				INFOPLIST_FILE = Payments/Info.plist;
				LD_RUNPATH_SEARCH_PATHS = (
					"$(inherited)",
					"@executable_path/Frameworks",
				);
				PRODUCT_BUNDLE_IDENTIFIER = Rajeev.Payments;
				PRODUCT_NAME = "$(TARGET_NAME)";
				SWIFT_VERSION = 5.0;
				TARGETED_DEVICE_FAMILY = "1,2";
			};
			name = Debug;
		};
		5D5CCD682665453F001C3472 /* Release */ = {
			isa = XCBuildConfiguration;
			buildSettings = {
				ASSETCATALOG_COMPILER_APPICON_NAME = AppIcon;
				ASSETCATALOG_COMPILER_GLOBAL_ACCENT_COLOR_NAME = AccentColor;
				CODE_SIGN_STYLE = Automatic;
				DEVELOPMENT_TEAM = 62C8J6DU42;
				INFOPLIST_FILE = Payments/Info.plist;
				LD_RUNPATH_SEARCH_PATHS = (
					"$(inherited)",
					"@executable_path/Frameworks",
				);
				PRODUCT_BUNDLE_IDENTIFIER = Rajeev.Payments;
				PRODUCT_NAME = "$(TARGET_NAME)";
				SWIFT_VERSION = 5.0;
				TARGETED_DEVICE_FAMILY = "1,2";
			};
			name = Release;
		};
		5D5CCD6A2665453F001C3472 /* Debug */ = {
			isa = XCBuildConfiguration;
			buildSettings = {
				ALWAYS_EMBED_SWIFT_STANDARD_LIBRARIES = YES;
				BUNDLE_LOADER = "$(TEST_HOST)";
				CODE_SIGN_STYLE = Automatic;
				DEVELOPMENT_TEAM = 62C8J6DU42;
				INFOPLIST_FILE = PaymentsTests/Info.plist;
				IPHONEOS_DEPLOYMENT_TARGET = 14.4;
				LD_RUNPATH_SEARCH_PATHS = (
					"$(inherited)",
					"@executable_path/Frameworks",
					"@loader_path/Frameworks",
				);
				PRODUCT_BUNDLE_IDENTIFIER = Rajeev.PaymentsTests;
				PRODUCT_NAME = "$(TARGET_NAME)";
				SWIFT_VERSION = 5.0;
				TARGETED_DEVICE_FAMILY = "1,2";
				TEST_HOST = "$(BUILT_PRODUCTS_DIR)/Payments.app/Payments";
			};
			name = Debug;
		};
		5D5CCD6B2665453F001C3472 /* Release */ = {
			isa = XCBuildConfiguration;
			buildSettings = {
				ALWAYS_EMBED_SWIFT_STANDARD_LIBRARIES = YES;
				BUNDLE_LOADER = "$(TEST_HOST)";
				CODE_SIGN_STYLE = Automatic;
				DEVELOPMENT_TEAM = 62C8J6DU42;
				INFOPLIST_FILE = PaymentsTests/Info.plist;
				IPHONEOS_DEPLOYMENT_TARGET = 14.4;
				LD_RUNPATH_SEARCH_PATHS = (
					"$(inherited)",
					"@executable_path/Frameworks",
					"@loader_path/Frameworks",
				);
				PRODUCT_BUNDLE_IDENTIFIER = Rajeev.PaymentsTests;
				PRODUCT_NAME = "$(TARGET_NAME)";
				SWIFT_VERSION = 5.0;
				TARGETED_DEVICE_FAMILY = "1,2";
				TEST_HOST = "$(BUILT_PRODUCTS_DIR)/Payments.app/Payments";
			};
			name = Release;
		};
		5D5CCD6D2665453F001C3472 /* Debug */ = {
			isa = XCBuildConfiguration;
			buildSettings = {
				ALWAYS_EMBED_SWIFT_STANDARD_LIBRARIES = YES;
				CODE_SIGN_STYLE = Automatic;
				DEVELOPMENT_TEAM = 62C8J6DU42;
				INFOPLIST_FILE = PaymentsUITests/Info.plist;
				LD_RUNPATH_SEARCH_PATHS = (
					"$(inherited)",
					"@executable_path/Frameworks",
					"@loader_path/Frameworks",
				);
				PRODUCT_BUNDLE_IDENTIFIER = Rajeev.PaymentsUITests;
				PRODUCT_NAME = "$(TARGET_NAME)";
				SWIFT_VERSION = 5.0;
				TARGETED_DEVICE_FAMILY = "1,2";
				TEST_TARGET_NAME = Payments;
			};
			name = Debug;
		};
		5D5CCD6E2665453F001C3472 /* Release */ = {
			isa = XCBuildConfiguration;
			buildSettings = {
				ALWAYS_EMBED_SWIFT_STANDARD_LIBRARIES = YES;
				CODE_SIGN_STYLE = Automatic;
				DEVELOPMENT_TEAM = 62C8J6DU42;
				INFOPLIST_FILE = PaymentsUITests/Info.plist;
				LD_RUNPATH_SEARCH_PATHS = (
					"$(inherited)",
					"@executable_path/Frameworks",
					"@loader_path/Frameworks",
				);
				PRODUCT_BUNDLE_IDENTIFIER = Rajeev.PaymentsUITests;
				PRODUCT_NAME = "$(TARGET_NAME)";
				SWIFT_VERSION = 5.0;
				TARGETED_DEVICE_FAMILY = "1,2";
				TEST_TARGET_NAME = Payments;
			};
			name = Release;
		};
/* End XCBuildConfiguration section */

/* Begin XCConfigurationList section */
		5D5CCD342665452E001C3472 /* Build configuration list for PBXProject "Payments" */ = {
			isa = XCConfigurationList;
			buildConfigurations = (
				5D5CCD642665453F001C3472 /* Debug */,
				5D5CCD652665453F001C3472 /* Release */,
			);
			defaultConfigurationIsVisible = 0;
			defaultConfigurationName = Release;
		};
		5D5CCD662665453F001C3472 /* Build configuration list for PBXNativeTarget "Payments" */ = {
			isa = XCConfigurationList;
			buildConfigurations = (
				5D5CCD672665453F001C3472 /* Debug */,
				5D5CCD682665453F001C3472 /* Release */,
			);
			defaultConfigurationIsVisible = 0;
			defaultConfigurationName = Release;
		};
		5D5CCD692665453F001C3472 /* Build configuration list for PBXNativeTarget "PaymentsTests" */ = {
			isa = XCConfigurationList;
			buildConfigurations = (
				5D5CCD6A2665453F001C3472 /* Debug */,
				5D5CCD6B2665453F001C3472 /* Release */,
			);
			defaultConfigurationIsVisible = 0;
			defaultConfigurationName = Release;
		};
		5D5CCD6C2665453F001C3472 /* Build configuration list for PBXNativeTarget "PaymentsUITests" */ = {
			isa = XCConfigurationList;
			buildConfigurations = (
				5D5CCD6D2665453F001C3472 /* Debug */,
				5D5CCD6E2665453F001C3472 /* Release */,
			);
			defaultConfigurationIsVisible = 0;
			defaultConfigurationName = Release;
		};
/* End XCConfigurationList section */

/* Begin XCVersionGroup section */
		5D5CCD452665452E001C3472 /* Payments.xcdatamodeld */ = {
			isa = XCVersionGroup;
			children = (
				5D5CCD462665452E001C3472 /* Payments.xcdatamodel */,
			);
			currentVersion = 5D5CCD462665452E001C3472 /* Payments.xcdatamodel */;
			path = Payments.xcdatamodeld;
			sourceTree = "<group>";
			versionGroupType = wrapper.xcdatamodel;
		};
/* End XCVersionGroup section */
	};
	rootObject = 5D5CCD312665452E001C3472 /* Project object */;
}
